// !$*UTF8*$!
{
	archiveVersion = 1;
	classes = {
	};
	objectVersion = 51;
	objects = {

/* Begin PBXBuildFile section */
		25AEFAFD3AB984FFD942A187 /* Pods_Overture.framework in Frameworks */ = {isa = PBXBuildFile; fileRef = C90B93BAD070FBE1A01BD166 /* Pods_Overture.framework */; };
		912CC904256B109700CAEAEC /* TransactionTableViewCell.swift in Sources */ = {isa = PBXBuildFile; fileRef = 912CC903256B109700CAEAEC /* TransactionTableViewCell.swift */; };
		912CC9302570EAA800CAEAEC /* TransactionModel.xcdatamodeld in Sources */ = {isa = PBXBuildFile; fileRef = 912CC92E2570EAA800CAEAEC /* TransactionModel.xcdatamodeld */; };
		913CBCED2559083A00D67133 /* BudgetViewController.swift in Sources */ = {isa = PBXBuildFile; fileRef = 913CBCEC2559083A00D67133 /* BudgetViewController.swift */; };
		91550E2E2566C65C00B64D3D /* BudgetSetterViewController.swift in Sources */ = {isa = PBXBuildFile; fileRef = 91550E2D2566C65C00B64D3D /* BudgetSetterViewController.swift */; };
		91550E322567233200B64D3D /* CreateViewController.swift in Sources */ = {isa = PBXBuildFile; fileRef = 91550E312567233200B64D3D /* CreateViewController.swift */; };
		91550E3725681D6600B64D3D /* TransactionViewController.swift in Sources */ = {isa = PBXBuildFile; fileRef = 91550E3625681D6600B64D3D /* TransactionViewController.swift */; };
		91977B2E252CD5AA0066C23D /* AppDelegate.swift in Sources */ = {isa = PBXBuildFile; fileRef = 91977B2D252CD5AA0066C23D /* AppDelegate.swift */; };
		91977B30252CD5AA0066C23D /* SceneDelegate.swift in Sources */ = {isa = PBXBuildFile; fileRef = 91977B2F252CD5AA0066C23D /* SceneDelegate.swift */; };
		91977B32252CD5AA0066C23D /* ViewController.swift in Sources */ = {isa = PBXBuildFile; fileRef = 91977B31252CD5AA0066C23D /* ViewController.swift */; };
		91977B35252CD5AA0066C23D /* Main.storyboard in Resources */ = {isa = PBXBuildFile; fileRef = 91977B33252CD5AA0066C23D /* Main.storyboard */; };
		91977B37252CD5AA0066C23D /* Assets.xcassets in Resources */ = {isa = PBXBuildFile; fileRef = 91977B36252CD5AA0066C23D /* Assets.xcassets */; };
		91977B3A252CD5AA0066C23D /* LaunchScreen.storyboard in Resources */ = {isa = PBXBuildFile; fileRef = 91977B38252CD5AA0066C23D /* LaunchScreen.storyboard */; };
		919D6F15253CD2530022E6D4 /* SplashScreenStart.swift in Sources */ = {isa = PBXBuildFile; fileRef = 919D6F14253CD2530022E6D4 /* SplashScreenStart.swift */; };
		919D6F18253CF23E0022E6D4 /* Transaction.swift in Sources */ = {isa = PBXBuildFile; fileRef = 919D6F17253CF23E0022E6D4 /* Transaction.swift */; };
/* End PBXBuildFile section */

/* Begin PBXFileReference section */
		0E8C60E1C154E5EA1BDF1DE2 /* Pods-Overture.debug.xcconfig */ = {isa = PBXFileReference; includeInIndex = 1; lastKnownFileType = text.xcconfig; name = "Pods-Overture.debug.xcconfig"; path = "Target Support Files/Pods-Overture/Pods-Overture.debug.xcconfig"; sourceTree = "<group>"; };
		912CC903256B109700CAEAEC /* TransactionTableViewCell.swift */ = {isa = PBXFileReference; lastKnownFileType = sourcecode.swift; path = TransactionTableViewCell.swift; sourceTree = "<group>"; };
		912CC92F2570EAA800CAEAEC /* TransactionModel.xcdatamodel */ = {isa = PBXFileReference; lastKnownFileType = wrapper.xcdatamodel; path = TransactionModel.xcdatamodel; sourceTree = "<group>"; };
		913CBCEC2559083A00D67133 /* BudgetViewController.swift */ = {isa = PBXFileReference; lastKnownFileType = sourcecode.swift; path = BudgetViewController.swift; sourceTree = "<group>"; };
		91550E2D2566C65C00B64D3D /* BudgetSetterViewController.swift */ = {isa = PBXFileReference; lastKnownFileType = sourcecode.swift; path = BudgetSetterViewController.swift; sourceTree = "<group>"; };
		91550E312567233200B64D3D /* CreateViewController.swift */ = {isa = PBXFileReference; lastKnownFileType = sourcecode.swift; path = CreateViewController.swift; sourceTree = "<group>"; };
		91550E3625681D6600B64D3D /* TransactionViewController.swift */ = {isa = PBXFileReference; lastKnownFileType = sourcecode.swift; path = TransactionViewController.swift; sourceTree = "<group>"; };
		91977B2A252CD5AA0066C23D /* Overture.app */ = {isa = PBXFileReference; explicitFileType = wrapper.application; includeInIndex = 0; path = Overture.app; sourceTree = BUILT_PRODUCTS_DIR; };
		91977B2D252CD5AA0066C23D /* AppDelegate.swift */ = {isa = PBXFileReference; lastKnownFileType = sourcecode.swift; path = AppDelegate.swift; sourceTree = "<group>"; };
		91977B2F252CD5AA0066C23D /* SceneDelegate.swift */ = {isa = PBXFileReference; lastKnownFileType = sourcecode.swift; path = SceneDelegate.swift; sourceTree = "<group>"; };
		91977B31252CD5AA0066C23D /* ViewController.swift */ = {isa = PBXFileReference; lastKnownFileType = sourcecode.swift; path = ViewController.swift; sourceTree = "<group>"; };
		91977B34252CD5AA0066C23D /* Base */ = {isa = PBXFileReference; lastKnownFileType = file.storyboard; name = Base; path = Base.lproj/Main.storyboard; sourceTree = "<group>"; };
		91977B36252CD5AA0066C23D /* Assets.xcassets */ = {isa = PBXFileReference; lastKnownFileType = folder.assetcatalog; path = Assets.xcassets; sourceTree = "<group>"; };
		91977B39252CD5AA0066C23D /* Base */ = {isa = PBXFileReference; lastKnownFileType = file.storyboard; name = Base; path = Base.lproj/LaunchScreen.storyboard; sourceTree = "<group>"; };
		91977B3B252CD5AA0066C23D /* Info.plist */ = {isa = PBXFileReference; lastKnownFileType = text.plist.xml; path = Info.plist; sourceTree = "<group>"; };
		919D6F14253CD2530022E6D4 /* SplashScreenStart.swift */ = {isa = PBXFileReference; lastKnownFileType = sourcecode.swift; path = SplashScreenStart.swift; sourceTree = "<group>"; };
		919D6F17253CF23E0022E6D4 /* Transaction.swift */ = {isa = PBXFileReference; lastKnownFileType = sourcecode.swift; path = Transaction.swift; sourceTree = "<group>"; };
		AA3976393F0CE4A856699634 /* Pods-Overture.release.xcconfig */ = {isa = PBXFileReference; includeInIndex = 1; lastKnownFileType = text.xcconfig; name = "Pods-Overture.release.xcconfig"; path = "Target Support Files/Pods-Overture/Pods-Overture.release.xcconfig"; sourceTree = "<group>"; };
		C90B93BAD070FBE1A01BD166 /* Pods_Overture.framework */ = {isa = PBXFileReference; explicitFileType = wrapper.framework; includeInIndex = 0; path = Pods_Overture.framework; sourceTree = BUILT_PRODUCTS_DIR; };
/* End PBXFileReference section */

/* Begin PBXFrameworksBuildPhase section */
		91977B27252CD5AA0066C23D /* Frameworks */ = {
			isa = PBXFrameworksBuildPhase;
			buildActionMask = 2147483647;
			files = (
				25AEFAFD3AB984FFD942A187 /* Pods_Overture.framework in Frameworks */,
			);
			runOnlyForDeploymentPostprocessing = 0;
		};
/* End PBXFrameworksBuildPhase section */

/* Begin PBXGroup section */
		51F5E5582BE2DBA5E9D92392 /* Frameworks */ = {
			isa = PBXGroup;
			children = (
				C90B93BAD070FBE1A01BD166 /* Pods_Overture.framework */,
			);
			name = Frameworks;
			sourceTree = "<group>";
		};
		9163D64C2581F2AB000F7091 /* ViewControllers */ = {
			isa = PBXGroup;
			children = (
				919D6F14253CD2530022E6D4 /* SplashScreenStart.swift */,
				91977B31252CD5AA0066C23D /* ViewController.swift */,
				913CBCEC2559083A00D67133 /* BudgetViewController.swift */,
				91550E2D2566C65C00B64D3D /* BudgetSetterViewController.swift */,
				91550E3625681D6600B64D3D /* TransactionViewController.swift */,
				91550E312567233200B64D3D /* CreateViewController.swift */,
			);
			path = ViewControllers;
			sourceTree = "<group>";
		};
		9163D64D2581F35A000F7091 /* Delegates */ = {
			isa = PBXGroup;
			children = (
				91977B2D252CD5AA0066C23D /* AppDelegate.swift */,
				91977B2F252CD5AA0066C23D /* SceneDelegate.swift */,
			);
			path = Delegates;
			sourceTree = "<group>";
		};
		9163D64E2581F38E000F7091 /* Custom Cell */ = {
			isa = PBXGroup;
			children = (
				912CC903256B109700CAEAEC /* TransactionTableViewCell.swift */,
			);
			path = "Custom Cell";
			sourceTree = "<group>";
		};
		9163D64F2581F391000F7091 /* Data Models */ = {
			isa = PBXGroup;
			children = (
				919D6F17253CF23E0022E6D4 /* Transaction.swift */,
				912CC92E2570EAA800CAEAEC /* TransactionModel.xcdatamodeld */,
			);
			path = "Data Models";
			sourceTree = "<group>";
		};
		91977B21252CD5A90066C23D = {
			isa = PBXGroup;
			children = (
				91977B2C252CD5AA0066C23D /* Overture */,
				91977B2B252CD5AA0066C23D /* Products */,
				969318508CBD533D9566B9E8 /* Pods */,
				51F5E5582BE2DBA5E9D92392 /* Frameworks */,
			);
			sourceTree = "<group>";
		};
		91977B2B252CD5AA0066C23D /* Products */ = {
			isa = PBXGroup;
			children = (
				91977B2A252CD5AA0066C23D /* Overture.app */,
			);
			name = Products;
			sourceTree = "<group>";
		};
		91977B2C252CD5AA0066C23D /* Overture */ = {
			isa = PBXGroup;
			children = (
				9163D64F2581F391000F7091 /* Data Models */,
				9163D64E2581F38E000F7091 /* Custom Cell */,
				9163D64D2581F35A000F7091 /* Delegates */,
				9163D64C2581F2AB000F7091 /* ViewControllers */,
				91977B33252CD5AA0066C23D /* Main.storyboard */,
				91977B36252CD5AA0066C23D /* Assets.xcassets */,
				91977B38252CD5AA0066C23D /* LaunchScreen.storyboard */,
				91977B3B252CD5AA0066C23D /* Info.plist */,
			);
			path = Overture;
			sourceTree = "<group>";
		};
		969318508CBD533D9566B9E8 /* Pods */ = {
			isa = PBXGroup;
			children = (
				0E8C60E1C154E5EA1BDF1DE2 /* Pods-Overture.debug.xcconfig */,
				AA3976393F0CE4A856699634 /* Pods-Overture.release.xcconfig */,
			);
			path = Pods;
			sourceTree = "<group>";
		};
/* End PBXGroup section */

/* Begin PBXNativeTarget section */
		91977B29252CD5AA0066C23D /* Overture */ = {
			isa = PBXNativeTarget;
			buildConfigurationList = 91977B3E252CD5AA0066C23D /* Build configuration list for PBXNativeTarget "Overture" */;
			buildPhases = (
				76603A6EB3BA3726CC05CE40 /* [CP] Check Pods Manifest.lock */,
				91977B26252CD5AA0066C23D /* Sources */,
				91977B27252CD5AA0066C23D /* Frameworks */,
				91977B28252CD5AA0066C23D /* Resources */,
				B6B9C81370AA9AABAAD49022 /* [CP] Embed Pods Frameworks */,
			);
			buildRules = (
			);
			dependencies = (
			);
			name = Overture;
			productName = Overture;
			productReference = 91977B2A252CD5AA0066C23D /* Overture.app */;
			productType = "com.apple.product-type.application";
		};
/* End PBXNativeTarget section */

/* Begin PBXProject section */
		91977B22252CD5A90066C23D /* Project object */ = {
			isa = PBXProject;
			attributes = {
				LastSwiftUpdateCheck = 1200;
				LastUpgradeCheck = 1200;
				TargetAttributes = {
					91977B29252CD5AA0066C23D = {
						CreatedOnToolsVersion = 12.0.1;
					};
				};
			};
			buildConfigurationList = 91977B25252CD5A90066C23D /* Build configuration list for PBXProject "Overture" */;
			compatibilityVersion = "Xcode 9.3";
			developmentRegion = en;
			hasScannedForEncodings = 0;
			knownRegions = (
				en,
				Base,
			);
			mainGroup = 91977B21252CD5A90066C23D;
			productRefGroup = 91977B2B252CD5AA0066C23D /* Products */;
			projectDirPath = "";
			projectRoot = "";
			targets = (
				91977B29252CD5AA0066C23D /* Overture */,
			);
		};
/* End PBXProject section */

/* Begin PBXResourcesBuildPhase section */
		91977B28252CD5AA0066C23D /* Resources */ = {
			isa = PBXResourcesBuildPhase;
			buildActionMask = 2147483647;
			files = (
				91977B3A252CD5AA0066C23D /* LaunchScreen.storyboard in Resources */,
				91977B37252CD5AA0066C23D /* Assets.xcassets in Resources */,
				91977B35252CD5AA0066C23D /* Main.storyboard in Resources */,
			);
			runOnlyForDeploymentPostprocessing = 0;
		};
/* End PBXResourcesBuildPhase section */

/* Begin PBXShellScriptBuildPhase section */
		76603A6EB3BA3726CC05CE40 /* [CP] Check Pods Manifest.lock */ = {
			isa = PBXShellScriptBuildPhase;
			buildActionMask = 2147483647;
			files = (
			);
			inputFileListPaths = (
			);
			inputPaths = (
				"${PODS_PODFILE_DIR_PATH}/Podfile.lock",
				"${PODS_ROOT}/Manifest.lock",
			);
			name = "[CP] Check Pods Manifest.lock";
			outputFileListPaths = (
			);
			outputPaths = (
				"$(DERIVED_FILE_DIR)/Pods-Overture-checkManifestLockResult.txt",
			);
			runOnlyForDeploymentPostprocessing = 0;
			shellPath = /bin/sh;
			shellScript = "diff \"${PODS_PODFILE_DIR_PATH}/Podfile.lock\" \"${PODS_ROOT}/Manifest.lock\" > /dev/null\nif [ $? != 0 ] ; then\n    # print error to STDERR\n    echo \"error: The sandbox is not in sync with the Podfile.lock. Run 'pod install' or update your CocoaPods installation.\" >&2\n    exit 1\nfi\n# This output is used by Xcode 'outputs' to avoid re-running this script phase.\necho \"SUCCESS\" > \"${SCRIPT_OUTPUT_FILE_0}\"\n";
			showEnvVarsInLog = 0;
		};
		B6B9C81370AA9AABAAD49022 /* [CP] Embed Pods Frameworks */ = {
			isa = PBXShellScriptBuildPhase;
			buildActionMask = 2147483647;
			files = (
			);
			inputFileListPaths = (
				"${PODS_ROOT}/Target Support Files/Pods-Overture/Pods-Overture-frameworks-${CONFIGURATION}-input-files.xcfilelist",
			);
			name = "[CP] Embed Pods Frameworks";
			outputFileListPaths = (
				"${PODS_ROOT}/Target Support Files/Pods-Overture/Pods-Overture-frameworks-${CONFIGURATION}-output-files.xcfilelist",
			);
			runOnlyForDeploymentPostprocessing = 0;
			shellPath = /bin/sh;
			shellScript = "\"${PODS_ROOT}/Target Support Files/Pods-Overture/Pods-Overture-frameworks.sh\"\n";
			showEnvVarsInLog = 0;
		};
/* End PBXShellScriptBuildPhase section */

/* Begin PBXSourcesBuildPhase section */
		91977B26252CD5AA0066C23D /* Sources */ = {
			isa = PBXSourcesBuildPhase;
			buildActionMask = 2147483647;
			files = (
				91550E2E2566C65C00B64D3D /* BudgetSetterViewController.swift in Sources */,
				91977B32252CD5AA0066C23D /* ViewController.swift in Sources */,
				91550E322567233200B64D3D /* CreateViewController.swift in Sources */,
				913CBCED2559083A00D67133 /* BudgetViewController.swift in Sources */,
				91550E3725681D6600B64D3D /* TransactionViewController.swift in Sources */,
				91977B2E252CD5AA0066C23D /* AppDelegate.swift in Sources */,
				912CC9302570EAA800CAEAEC /* TransactionModel.xcdatamodeld in Sources */,
				91977B30252CD5AA0066C23D /* SceneDelegate.swift in Sources */,
				919D6F15253CD2530022E6D4 /* SplashScreenStart.swift in Sources */,
				912CC904256B109700CAEAEC /* TransactionTableViewCell.swift in Sources */,
				919D6F18253CF23E0022E6D4 /* Transaction.swift in Sources */,
			);
			runOnlyForDeploymentPostprocessing = 0;
		};
/* End PBXSourcesBuildPhase section */

/* Begin PBXVariantGroup section */
		91977B33252CD5AA0066C23D /* Main.storyboard */ = {
			isa = PBXVariantGroup;
			children = (
				91977B34252CD5AA0066C23D /* Base */,
			);
			name = Main.storyboard;
			sourceTree = "<group>";
		};
		91977B38252CD5AA0066C23D /* LaunchScreen.storyboard */ = {
			isa = PBXVariantGroup;
			children = (
				91977B39252CD5AA0066C23D /* Base */,
			);
			name = LaunchScreen.storyboard;
			sourceTree = "<group>";
		};
/* End PBXVariantGroup section */

/* Begin XCBuildConfiguration section */
		91977B3C252CD5AA0066C23D /* Debug */ = {
			isa = XCBuildConfiguration;
			buildSettings = {
				ALWAYS_SEARCH_USER_PATHS = NO;
				CLANG_ANALYZER_NONNULL = YES;
				CLANG_ANALYZER_NUMBER_OBJECT_CONVERSION = YES_AGGRESSIVE;
				CLANG_CXX_LANGUAGE_STANDARD = "gnu++14";
				CLANG_CXX_LIBRARY = "libc++";
				CLANG_ENABLE_MODULES = YES;
				CLANG_ENABLE_OBJC_ARC = YES;
				CLANG_ENABLE_OBJC_WEAK = YES;
				CLANG_WARN_BLOCK_CAPTURE_AUTORELEASING = YES;
				CLANG_WARN_BOOL_CONVERSION = YES;
				CLANG_WARN_COMMA = YES;
				CLANG_WARN_CONSTANT_CONVERSION = YES;
				CLANG_WARN_DEPRECATED_OBJC_IMPLEMENTATIONS = YES;
				CLANG_WARN_DIRECT_OBJC_ISA_USAGE = YES_ERROR;
				CLANG_WARN_DOCUMENTATION_COMMENTS = YES;
				CLANG_WARN_EMPTY_BODY = YES;
				CLANG_WARN_ENUM_CONVERSION = YES;
				CLANG_WARN_INFINITE_RECURSION = YES;
				CLANG_WARN_INT_CONVERSION = YES;
				CLANG_WARN_NON_LITERAL_NULL_CONVERSION = YES;
				CLANG_WARN_OBJC_IMPLICIT_RETAIN_SELF = YES;
				CLANG_WARN_OBJC_LITERAL_CONVERSION = YES;
				CLANG_WARN_OBJC_ROOT_CLASS = YES_ERROR;
				CLANG_WARN_QUOTED_INCLUDE_IN_FRAMEWORK_HEADER = YES;
				CLANG_WARN_RANGE_LOOP_ANALYSIS = YES;
				CLANG_WARN_STRICT_PROTOTYPES = YES;
				CLANG_WARN_SUSPICIOUS_MOVE = YES;
				CLANG_WARN_UNGUARDED_AVAILABILITY = YES_AGGRESSIVE;
				CLANG_WARN_UNREACHABLE_CODE = YES;
				CLANG_WARN__DUPLICATE_METHOD_MATCH = YES;
				COPY_PHASE_STRIP = NO;
				DEBUG_INFORMATION_FORMAT = dwarf;
				ENABLE_STRICT_OBJC_MSGSEND = YES;
				ENABLE_TESTABILITY = YES;
				GCC_C_LANGUAGE_STANDARD = gnu11;
				GCC_DYNAMIC_NO_PIC = NO;
				GCC_NO_COMMON_BLOCKS = YES;
				GCC_OPTIMIZATION_LEVEL = 0;
				GCC_PREPROCESSOR_DEFINITIONS = (
					"DEBUG=1",
					"$(inherited)",
				);
				GCC_WARN_64_TO_32_BIT_CONVERSION = YES;
				GCC_WARN_ABOUT_RETURN_TYPE = YES_ERROR;
				GCC_WARN_UNDECLARED_SELECTOR = YES;
				GCC_WARN_UNINITIALIZED_AUTOS = YES_AGGRESSIVE;
				GCC_WARN_UNUSED_FUNCTION = YES;
				GCC_WARN_UNUSED_VARIABLE = YES;
				IPHONEOS_DEPLOYMENT_TARGET = 14.0;
				MTL_ENABLE_DEBUG_INFO = INCLUDE_SOURCE;
				MTL_FAST_MATH = YES;
				ONLY_ACTIVE_ARCH = YES;
				SDKROOT = iphoneos;
				SWIFT_ACTIVE_COMPILATION_CONDITIONS = DEBUG;
				SWIFT_OPTIMIZATION_LEVEL = "-Onone";
			};
			name = Debug;
		};
		91977B3D252CD5AA0066C23D /* Release */ = {
			isa = XCBuildConfiguration;
			buildSettings = {
				ALWAYS_SEARCH_USER_PATHS = NO;
				CLANG_ANALYZER_NONNULL = YES;
				CLANG_ANALYZER_NUMBER_OBJECT_CONVERSION = YES_AGGRESSIVE;
				CLANG_CXX_LANGUAGE_STANDARD = "gnu++14";
				CLANG_CXX_LIBRARY = "libc++";
				CLANG_ENABLE_MODULES = YES;
				CLANG_ENABLE_OBJC_ARC = YES;
				CLANG_ENABLE_OBJC_WEAK = YES;
				CLANG_WARN_BLOCK_CAPTURE_AUTORELEASING = YES;
				CLANG_WARN_BOOL_CONVERSION = YES;
				CLANG_WARN_COMMA = YES;
				CLANG_WARN_CONSTANT_CONVERSION = YES;
				CLANG_WARN_DEPRECATED_OBJC_IMPLEMENTATIONS = YES;
				CLANG_WARN_DIRECT_OBJC_ISA_USAGE = YES_ERROR;
				CLANG_WARN_DOCUMENTATION_COMMENTS = YES;
				CLANG_WARN_EMPTY_BODY = YES;
				CLANG_WARN_ENUM_CONVERSION = YES;
				CLANG_WARN_INFINITE_RECURSION = YES;
				CLANG_WARN_INT_CONVERSION = YES;
				CLANG_WARN_NON_LITERAL_NULL_CONVERSION = YES;
				CLANG_WARN_OBJC_IMPLICIT_RETAIN_SELF = YES;
				CLANG_WARN_OBJC_LITERAL_CONVERSION = YES;
				CLANG_WARN_OBJC_ROOT_CLASS = YES_ERROR;
				CLANG_WARN_QUOTED_INCLUDE_IN_FRAMEWORK_HEADER = YES;
				CLANG_WARN_RANGE_LOOP_ANALYSIS = YES;
				CLANG_WARN_STRICT_PROTOTYPES = YES;
				CLANG_WARN_SUSPICIOUS_MOVE = YES;
				CLANG_WARN_UNGUARDED_AVAILABILITY = YES_AGGRESSIVE;
				CLANG_WARN_UNREACHABLE_CODE = YES;
				CLANG_WARN__DUPLICATE_METHOD_MATCH = YES;
				COPY_PHASE_STRIP = NO;
				DEBUG_INFORMATION_FORMAT = "dwarf-with-dsym";
				ENABLE_NS_ASSERTIONS = NO;
				ENABLE_STRICT_OBJC_MSGSEND = YES;
				GCC_C_LANGUAGE_STANDARD = gnu11;
				GCC_NO_COMMON_BLOCKS = YES;
				GCC_WARN_64_TO_32_BIT_CONVERSION = YES;
				GCC_WARN_ABOUT_RETURN_TYPE = YES_ERROR;
				GCC_WARN_UNDECLARED_SELECTOR = YES;
				GCC_WARN_UNINITIALIZED_AUTOS = YES_AGGRESSIVE;
				GCC_WARN_UNUSED_FUNCTION = YES;
				GCC_WARN_UNUSED_VARIABLE = YES;
				IPHONEOS_DEPLOYMENT_TARGET = 14.0;
				MTL_ENABLE_DEBUG_INFO = NO;
				MTL_FAST_MATH = YES;
				SDKROOT = iphoneos;
				SWIFT_COMPILATION_MODE = wholemodule;
				SWIFT_OPTIMIZATION_LEVEL = "-O";
				VALIDATE_PRODUCT = YES;
			};
			name = Release;
		};
		91977B3F252CD5AA0066C23D /* Debug */ = {
			isa = XCBuildConfiguration;
			baseConfigurationReference = 0E8C60E1C154E5EA1BDF1DE2 /* Pods-Overture.debug.xcconfig */;
			buildSettings = {
				ASSETCATALOG_COMPILER_APPICON_NAME = AppIcon;
				ASSETCATALOG_COMPILER_GLOBAL_ACCENT_COLOR_NAME = AccentColor;
				CODE_SIGN_STYLE = Automatic;
				INFOPLIST_FILE = Overture/Info.plist;
				LD_RUNPATH_SEARCH_PATHS = (
					"$(inherited)",
					"@executable_path/Frameworks",
				);
				PRODUCT_BUNDLE_IDENTIFIER = ca.mysccW0725009.Overture;
				PRODUCT_NAME = "$(TARGET_NAME)";
				SWIFT_VERSION = 5.0;
				TARGETED_DEVICE_FAMILY = "1,2";
			};
			name = Debug;
		};
		91977B40252CD5AA0066C23D /* Release */ = {
			isa = XCBuildConfiguration;
			baseConfigurationReference = AA3976393F0CE4A856699634 /* Pods-Overture.release.xcconfig */;
			buildSettings = {
				ASSETCATALOG_COMPILER_APPICON_NAME = AppIcon;
				ASSETCATALOG_COMPILER_GLOBAL_ACCENT_COLOR_NAME = AccentColor;
				CODE_SIGN_STYLE = Automatic;
				INFOPLIST_FILE = Overture/Info.plist;
				LD_RUNPATH_SEARCH_PATHS = (
					"$(inherited)",
					"@executable_path/Frameworks",
				);
				PRODUCT_BUNDLE_IDENTIFIER = ca.mysccW0725009.Overture;
				PRODUCT_NAME = "$(TARGET_NAME)";
				SWIFT_VERSION = 5.0;
				TARGETED_DEVICE_FAMILY = "1,2";
			};
			name = Release;
		};
/* End XCBuildConfiguration section */

/* Begin XCConfigurationList section */
		91977B25252CD5A90066C23D /* Build configuration list for PBXProject "Overture" */ = {
			isa = XCConfigurationList;
			buildConfigurations = (
				91977B3C252CD5AA0066C23D /* Debug */,
				91977B3D252CD5AA0066C23D /* Release */,
			);
			defaultConfigurationIsVisible = 0;
			defaultConfigurationName = Release;
		};
		91977B3E252CD5AA0066C23D /* Build configuration list for PBXNativeTarget "Overture" */ = {
			isa = XCConfigurationList;
			buildConfigurations = (
				91977B3F252CD5AA0066C23D /* Debug */,
				91977B40252CD5AA0066C23D /* Release */,
			);
			defaultConfigurationIsVisible = 0;
			defaultConfigurationName = Release;
		};
/* End XCConfigurationList section */

/* Begin XCVersionGroup section */
		912CC92E2570EAA800CAEAEC /* TransactionModel.xcdatamodeld */ = {
			isa = XCVersionGroup;
			children = (
				912CC92F2570EAA800CAEAEC /* TransactionModel.xcdatamodel */,
			);
			currentVersion = 912CC92F2570EAA800CAEAEC /* TransactionModel.xcdatamodel */;
			path = TransactionModel.xcdatamodeld;
			sourceTree = "<group>";
			versionGroupType = wrapper.xcdatamodel;
		};
/* End XCVersionGroup section */
	};
	rootObject = 91977B22252CD5A90066C23D /* Project object */;
}
